
Microsoft Visual Studio Solution File, Format Version 12.00
# Visual Studio Version 16
VisualStudioVersion = 16.0.31205.134
MinimumVisualStudioVersion = 10.0.40219.1
Project("{FAE04EC0-301F-11D3-BF4B-00C04F79EFBC}") = "Sender", "Sender\Sender.csproj", "{72589F93-D41C-4FAE-BE0A-D109120DE004}"
EndProject
Project("{FAE04EC0-301F-11D3-BF4B-00C04F79EFBC}") = "Receiver", "Receiver\Receiver.csproj", "{87C820B1-8B76-4681-A117-F040B289C01B}"
EndProject
Project("{FAE04EC0-301F-11D3-BF4B-00C04F79EFBC}") = "ReceiverB", "ReceiverB\ReceiverB.csproj", "{BB8DBD6A-E2AE-414F-80E4-0FAFE13ED6CC}"
EndProject
Global
	GlobalSection(SolutionConfigurationPlatforms) = preSolution
		Debug|Any CPU = Debug|Any CPU
		Release|Any CPU = Release|Any CPU
	EndGlobalSection
	GlobalSection(ProjectConfigurationPlatforms) = postSolution
		{72589F93-D41C-4FAE-BE0A-D109120DE004}.Debug|Any CPU.ActiveCfg = Debug|Any CPU
		{72589F93-D41C-4FAE-BE0A-D109120DE004}.Debug|Any CPU.Build.0 = Debug|Any CPU
		{72589F93-D41C-4FAE-BE0A-D109120DE004}.Release|Any CPU.ActiveCfg = Release|Any CPU
		{72589F93-D41C-4FAE-BE0A-D109120DE004}.Release|Any CPU.Build.0 = Release|Any CPU
		{87C820B1-8B76-4681-A117-F040B289C01B}.Debug|Any CPU.ActiveCfg = Debug|Any CPU
		{87C820B1-8B76-4681-A117-F040B289C01B}.Debug|Any CPU.Build.0 = Debug|Any CPU
		{87C820B1-8B76-4681-A117-F040B289C01B}.Release|Any CPU.ActiveCfg = Release|Any CPU
		{87C820B1-8B76-4681-A117-F040B289C01B}.Release|Any CPU.Build.0 = Release|Any CPU
		{BB8DBD6A-E2AE-414F-80E4-0FAFE13ED6CC}.Debug|Any CPU.ActiveCfg = Debug|Any CPU
		{BB8DBD6A-E2AE-414F-80E4-0FAFE13ED6CC}.Debug|Any CPU.Build.0 = Debug|Any CPU
		{BB8DBD6A-E2AE-414F-80E4-0FAFE13ED6CC}.Release|Any CPU.ActiveCfg = Release|Any CPU
		{BB8DBD6A-E2AE-414F-80E4-0FAFE13ED6CC}.Release|Any CPU.Build.0 = Release|Any CPU
	EndGlobalSection
	GlobalSection(SolutionProperties) = preSolution
		HideSolutionNode = FALSE
	EndGlobalSection
	GlobalSection(ExtensibilityGlobals) = postSolution
		SolutionGuid = {04D71AF8-47D7-47F5-8DCE-50D103951CC2}
	EndGlobalSection
EndGlobal
